
Microsoft Visual Studio Solution File, Format Version 12.00
# Visual Studio Version 16
VisualStudioVersion = 16.0.29102.190
MinimumVisualStudioVersion = 10.0.40219.1
Project("{FAE04EC0-301F-11D3-BF4B-00C04F79EFBC}") = "EcommerceDbFirst", "EcommerceDbFirst\EcommerceDbFirst.csproj", "{88E46DDE-4C19-49D2-BC9F-F3F4DB202F46}"
EndProject
Project("{FAE04EC0-301F-11D3-BF4B-00C04F79EFBC}") = "EcommerceDbFirst.Tests", "EcommerceDbFirst.Tests\EcommerceDbFirst.Tests.csproj", "{C5E09BCF-1E30-410E-A400-26762FE089C9}"
EndProject
Global
	GlobalSection(SolutionConfigurationPlatforms) = preSolution
		Debug|Any CPU = Debug|Any CPU
		Release|Any CPU = Release|Any CPU
	EndGlobalSection
	GlobalSection(ProjectConfigurationPlatforms) = postSolution
		{88E46DDE-4C19-49D2-BC9F-F3F4DB202F46}.Debug|Any CPU.ActiveCfg = Debug|Any CPU
		{88E46DDE-4C19-49D2-BC9F-F3F4DB202F46}.Debug|Any CPU.Build.0 = Debug|Any CPU
		{88E46DDE-4C19-49D2-BC9F-F3F4DB202F46}.Release|Any CPU.ActiveCfg = Release|Any CPU
		{88E46DDE-4C19-49D2-BC9F-F3F4DB202F46}.Release|Any CPU.Build.0 = Release|Any CPU
		{C5E09BCF-1E30-410E-A400-26762FE089C9}.Debug|Any CPU.ActiveCfg = Debug|Any CPU
		{C5E09BCF-1E30-410E-A400-26762FE089C9}.Debug|Any CPU.Build.0 = Debug|Any CPU
		{C5E09BCF-1E30-410E-A400-26762FE089C9}.Release|Any CPU.ActiveCfg = Release|Any CPU
		{C5E09BCF-1E30-410E-A400-26762FE089C9}.Release|Any CPU.Build.0 = Release|Any CPU
	EndGlobalSection
	GlobalSection(SolutionProperties) = preSolution
		HideSolutionNode = FALSE
	EndGlobalSection
	GlobalSection(ExtensibilityGlobals) = postSolution
		SolutionGuid = {79F3DD52-29E9-469C-B6A5-3E24258EF297}
	EndGlobalSection
EndGlobal
